Microsoft Visual Studio Solution File, Format Version 12.00
# Visual Studio Version 17
VisualStudioVersion = 17.5.2.0
MinimumVisualStudioVersion = 10.0.40219.1
Project("{FAE04EC0-301F-11D3-BF4B-00C04F79EFBC}") = "Prueba Tecnica", "Prueba Tecnica.csproj", "{567D6355-DA87-D6A8-9FE7-2F8B1E9FD666}"
EndProject
Global
	GlobalSection(SolutionConfigurationPlatforms) = preSolution
		Debug|Any CPU = Debug|Any CPU
		Release|Any CPU = Release|Any CPU
	EndGlobalSection
	GlobalSection(ProjectConfigurationPlatforms) = postSolution
		{567D6355-DA87-D6A8-9FE7-2F8B1E9FD666}.Debug|Any CPU.ActiveCfg = Debug|Any CPU
		{567D6355-DA87-D6A8-9FE7-2F8B1E9FD666}.Debug|Any CPU.Build.0 = Debug|Any CPU
		{567D6355-DA87-D6A8-9FE7-2F8B1E9FD666}.Release|Any CPU.ActiveCfg = Release|Any CPU
		{567D6355-DA87-D6A8-9FE7-2F8B1E9FD666}.Release|Any CPU.Build.0 = Release|Any CPU
	EndGlobalSection
	GlobalSection(SolutionProperties) = preSolution
		HideSolutionNode = FALSE
	EndGlobalSection
	GlobalSection(ExtensibilityGlobals) = postSolution
		SolutionGuid = {0739ECD8-9AF0-4591-BAFA-D668405DB3EC}
	EndGlobalSection
EndGlobal
